<?xml version="1.0" encoding="utf-8"?>
<Project ToolsVersion="4.0" xmlns="http://schemas.microsoft.com/developer/msbuild/2003">
  <ItemGroup>
    <Filter Include="Source Files">
      <UniqueIdentifier>{4FC737F1-C7A5-4376-A066-2A32D752A2FF}</UniqueIdentifier>
      <Extensions>cpp;c;cc;cxx;c++;cppm;ixx;def;odl;idl;hpj;bat;asm;asmx</Extensions>
    </Filter>
    <Filter Include="Header Files">
      <UniqueIdentifier>{93995380-89BD-4b04-88EB-625FBE52EBFB}</UniqueIdentifier>
      <Extensions>h;hh;hpp;hxx;h++;hm;inl;inc;ipp;xsd</Extensions>
    </Filter>
    <Filter Include="Resource Files">
      <UniqueIdentifier>{67DA6AB6-F800-4c08-8B7A-83BB121AAD01}</UniqueIdentifier>
      <Extensions>rc;ico;cur;bmp;dlg;rc2;rct;bin;rgs;gif;jpg;jpeg;jpe;resx;tiff;tif;png;wav;mfcribbon-ms</Extensions>
    </Filter>
  </ItemGroup>
  <ItemGroup>
    <None Include="_misc\FatRules.ruleset" />
  </ItemGroup>
  <ItemGroup>
    <ClCompile Include="Automata\Automata.ixx">
      <Filter>Source Files</Filter>
    </ClCompile>
    <ClCompile Include="Automata\CFG.ixx">
      <Filter>Source Files</Filter>
    </ClCompile>
    <ClCompile Include="Automata\TLT.ixx">
      <Filter>Source Files</Filter>
    </ClCompile>
    <ClCompile Include="DSA\LinkedList\Doubly.ixx">
      <Filter>Source Files</Filter>
    </ClCompile>
    <ClCompile Include="DSA\LinkedList\DoublyCircular.ixx">
      <Filter>Source Files</Filter>
    </ClCompile>
    <ClCompile Include="DSA\LinkedList\LinkedList.ixx">
      <Filter>Source Files</Filter>
    </ClCompile>
    <ClCompile Include="DSA\LinkedList\Singly.ixx">
      <Filter>Source Files</Filter>
    </ClCompile>
    <ClCompile Include="DSA\LinkedList\SinglyCircular.ixx">
      <Filter>Source Files</Filter>
    </ClCompile>
    <ClCompile Include="DSA\DSA.ixx">
      <Filter>Source Files</Filter>
    </ClCompile>
    <ClCompile Include="Math\Math.ixx">
      <Filter>Source Files</Filter>
    </ClCompile>
    <ClCompile Include="Utility\Color.ixx">
      <Filter>Source Files</Filter>
    </ClCompile>
    <ClCompile Include="Utility\Gfx\SizePack.ixx">
      <Filter>Source Files</Filter>
    </ClCompile>
    <ClCompile Include="Utility\Utility.ixx">
      <Filter>Source Files</Filter>
    </ClCompile>
    <ClCompile Include="Win32_\D3D11\Pipeline\Element\IndexBuffer.ixx">
      <Filter>Source Files</Filter>
    </ClCompile>
    <ClCompile Include="Win32_\D3D11\Pipeline\Element\InputLayout.ixx">
      <Filter>Source Files</Filter>
    </ClCompile>
    <ClCompile Include="Win32_\D3D11\Pipeline\Element\PixelShader.ixx">
      <Filter>Source Files</Filter>
    </ClCompile>
    <ClCompile Include="Win32_\D3D11\Pipeline\Element\Topology.ixx">
      <Filter>Source Files</Filter>
    </ClCompile>
    <ClCompile Include="Win32_\D3D11\Pipeline\Element\VertexBuffer.ixx">
      <Filter>Source Files</Filter>
    </ClCompile>
    <ClCompile Include="Win32_\D3D11\Pipeline\Element\VertexShader.ixx">
      <Filter>Source Files</Filter>
    </ClCompile>
    <ClCompile Include="Win32_\D3D11\Pipeline\Resource\CBuffer.ixx">
      <Filter>Source Files</Filter>
    </ClCompile>
    <ClCompile Include="Win32_\D3D11\Pipeline\Resource\PixelCBuffer.ixx">
      <Filter>Source Files</Filter>
    </ClCompile>
    <ClCompile Include="Win32_\D3D11\Pipeline\Resource\PixelSBuffer.ixx">
      <Filter>Source Files</Filter>
    </ClCompile>
    <ClCompile Include="Win32_\D3D11\Pipeline\Resource\TransformCBuffer.ixx">
      <Filter>Source Files</Filter>
    </ClCompile>
    <ClCompile Include="Win32_\D3D11\Pipeline\Resource\VertexCBuffer.ixx">
      <Filter>Source Files</Filter>
    </ClCompile>
    <ClCompile Include="Win32_\D3D11\Pipeline\Bindable.ixx">
      <Filter>Source Files</Filter>
    </ClCompile>
    <ClCompile Include="Win32_\D3D11\Pipeline\Pipeline.ixx">
      <Filter>Source Files</Filter>
    </ClCompile>
    <ClCompile Include="Utility\ViewXM.ixx">
      <Filter>Source Files</Filter>
    </ClCompile>
    <ClCompile Include="Win32_\D3D11\D3D11.ixx">
      <Filter>Source Files</Filter>
    </ClCompile>
    <ClCompile Include="Win32_\D3D11\Graphics.ixx">
      <Filter>Source Files</Filter>
    </ClCompile>
    <ClCompile Include="Win32_\Win32.ixx">
      <Filter>Source Files</Filter>
    </ClCompile>
    <ClCompile Include="FatPound.ixx">
      <Filter>Source Files</Filter>
    </ClCompile>
    <ClCompile Include="DSA\Tree\AVL.ixx">
      <Filter>Source Files</Filter>
    </ClCompile>
    <ClCompile Include="DSA\Tree\BST.ixx">
      <Filter>Source Files</Filter>
    </ClCompile>
    <ClCompile Include="DSA\Tree\IPR.ixx">
      <Filter>Source Files</Filter>
    </ClCompile>
    <ClCompile Include="DSA\Tree\B.ixx">
      <Filter>Source Files</Filter>
    </ClCompile>
    <ClCompile Include="DSA\Tree\B_Plus.ixx">
      <Filter>Source Files</Filter>
    </ClCompile>
    <ClCompile Include="DSA\Tree\Tree.ixx">
      <Filter>Source Files</Filter>
    </ClCompile>
    <ClCompile Include="Win32_\D2D\D2D.ixx">
      <Filter>Source Files</Filter>
    </ClCompile>
    <ClCompile Include="Win32_\D2D\Graphics.ixx">
      <Filter>Source Files</Filter>
    </ClCompile>
    <ClCompile Include="Concurrency\Concurrency.ixx">
      <Filter>Source Files</Filter>
    </ClCompile>
    <ClCompile Include="Concurrency\TaskQueue.ixx">
      <Filter>Source Files</Filter>
    </ClCompile>
    <ClCompile Include="Math\Multiplicative.ixx">
      <Filter>Source Files</Filter>
    </ClCompile>
    <ClCompile Include="IO\IO.ixx">
      <Filter>Source Files</Filter>
    </ClCompile>
    <ClCompile Include="IO\Keyboard.ixx">
      <Filter>Source Files</Filter>
    </ClCompile>
    <ClCompile Include="IO\Mouse.ixx">
      <Filter>Source Files</Filter>
    </ClCompile>
    <ClCompile Include="Utility\Timer.ixx">
      <Filter>Source Files</Filter>
    </ClCompile>
    <ClCompile Include="Win32_\IWindow.ixx">
      <Filter>Source Files</Filter>
    </ClCompile>
    <ClCompile Include="Win32_\WindowEx.ixx">
      <Filter>Source Files</Filter>
    </ClCompile>
    <ClCompile Include="Utility\Gfx\FullScreenQuad.ixx">
      <Filter>Source Files</Filter>
    </ClCompile>
    <ClCompile Include="Utility\Gfx\Gfx.ixx">
      <Filter>Source Files</Filter>
    </ClCompile>
    <ClCompile Include="Memory\Memory.ixx">
      <Filter>Source Files</Filter>
    </ClCompile>
    <ClCompile Include="Win32_\GDI_Plus\Manager.ixx">
      <Filter>Source Files</Filter>
    </ClCompile>
    <ClCompile Include="Win32_\GDI_Plus\GDI_Plus.ixx">
      <Filter>Source Files</Filter>
    </ClCompile>
    <ClCompile Include="Utility\Surface.ixx">
      <Filter>Source Files</Filter>
    </ClCompile>
    <ClCompile Include="Win32_\COM\COM.ixx">
      <Filter>Source Files</Filter>
    </ClCompile>
    <ClCompile Include="Win32_\COM\Manager.ixx">
      <Filter>Source Files</Filter>
    </ClCompile>
    <ClCompile Include="Utility\Gfx\ResourcePack.ixx">
      <Filter>Source Files</Filter>
    </ClCompile>
    <ClCompile Include="Win32_\D3D11\Pipeline\Resource\Sampler.ixx">
      <Filter>Source Files</Filter>
    </ClCompile>
    <ClCompile Include="Win32_\D3D11\Pipeline\Resource\Texture2D.ixx">
      <Filter>Source Files</Filter>
    </ClCompile>
    <ClCompile Include="Math\Numbers\Primes.ixx">
      <Filter>Source Files</Filter>
    </ClCompile>
    <ClCompile Include="File\File.ixx">
      <Filter>Source Files</Filter>
    </ClCompile>
    <ClCompile Include="Math\Numbers\Numbers.ixx">
      <Filter>Source Files</Filter>
    </ClCompile>
    <ClCompile Include="Random\Random.ixx">
      <Filter>Source Files</Filter>
    </ClCompile>
    <ClCompile Include="Math\Common.ixx">
      <Filter>Source Files</Filter>
    </ClCompile>
    <ClCompile Include="Utility\Common.ixx">
      <Filter>Source Files</Filter>
    </ClCompile>
    <ClCompile Include="Math\Geometry\AngularConv.ixx">
      <Filter>Source Files</Filter>
    </ClCompile>
    <ClCompile Include="Math\Geometry\Geometry.ixx">
      <Filter>Source Files</Filter>
    </ClCompile>
    <ClCompile Include="Math\Numbers\Sets.ixx">
      <Filter>Source Files</Filter>
    </ClCompile>
    <ClCompile Include="Win32_\D3D11\Pipeline\Resource\SBuffer.ixx">
      <Filter>Source Files</Filter>
    </ClCompile>
    <ClCompile Include="Automata\TLT_v2.ixx">
      <Filter>Source Files</Filter>
    </ClCompile>
    <ClCompile Include="Math\Numbers\Common.ixx">
      <Filter>Source Files</Filter>
    </ClCompile>
    <ClCompile Include="Win32_\Common.ixx">
      <Filter>Source Files</Filter>
    </ClCompile>
    <ClCompile Include="Traits\Traits.ixx">
      <Filter>Source Files</Filter>
    </ClCompile>
    <ClCompile Include="Traits\Bitwise.ixx">
      <Filter>Source Files</Filter>
    </ClCompile>
    <ClCompile Include="Traits\Callable.ixx">
      <Filter>Source Files</Filter>
    </ClCompile>
    <ClCompile Include="Traits\Extents.ixx">
      <Filter>Source Files</Filter>
    </ClCompile>
    <ClCompile Include="Traits\Formation.ixx">
      <Filter>Source Files</Filter>
    </ClCompile>
    <ClCompile Include="Traits\Indirection.ixx">
      <Filter>Source Files</Filter>
    </ClCompile>
    <ClCompile Include="Bit\Bit.ixx">
      <Filter>Source Files</Filter>
    </ClCompile>
    <ClCompile Include="Cryptography\Cryptography.ixx">
      <Filter>Source Files</Filter>
    </ClCompile>
    <ClCompile Include="Random\URand.ixx">
      <Filter>Source Files</Filter>
    </ClCompile>
    <ClCompile Include="Cryptography\XorCipher.ixx">
      <Filter>Source Files</Filter>
    </ClCompile>
    <ClCompile Include="Math\Geometry\Common.ixx">
      <Filter>Source Files</Filter>
    </ClCompile>
    <ClCompile Include="Win32_\WRL\WRL.ixx">
      <Filter>Source Files</Filter>
    </ClCompile>
    <ClCompile Include="Win32_\WRL\Common.ixx">
      <Filter>Source Files</Filter>
    </ClCompile>
    <ClCompile Include="Algorithm\Algorithm.ixx">
      <Filter>Source Files</Filter>
    </ClCompile>
    <ClCompile Include="Algorithm\Sorting.ixx">
      <Filter>Source Files</Filter>
    </ClCompile>
    <ClCompile Include="Algorithm\Graph\Graph.ixx">
      <Filter>Source Files</Filter>
    </ClCompile>
    <ClCompile Include="Algorithm\Graph\DFS.ixx">
      <Filter>Source Files</Filter>
    </ClCompile>
    <ClCompile Include="DSA\DirectedGraph.ixx">
      <Filter>Source Files</Filter>
    </ClCompile>
    <ClCompile Include="Algorithm\Graph\BFS.ixx">
      <Filter>Source Files</Filter>
    </ClCompile>
    <ClCompile Include="Win32_\D3D11\Visual\Visual.ixx">
      <Filter>Source Files</Filter>
    </ClCompile>
    <ClCompile Include="Win32_\D3D11\Visual\Drawable.ixx">
      <Filter>Source Files</Filter>
    </ClCompile>
    <ClCompile Include="Win32_\D3D11\Visual\DrawableBase.ixx">
      <Filter>Source Files</Filter>
    </ClCompile>
    <ClCompile Include="Algorithm\Searching.ixx">
      <Filter>Source Files</Filter>
    </ClCompile>
  </ItemGroup>
  <ItemGroup>
    <ClInclude Include="Win32_\FatWin32.hpp">
      <Filter>Header Files</Filter>
    </ClInclude>
    <ClInclude Include="Win32_\FatWin32_Settings.hpp">
      <Filter>Header Files</Filter>
    </ClInclude>
    <ClInclude Include="FatNamespaces.hxx">
      <Filter>Header Files</Filter>
    </ClInclude>
    <ClInclude Include="FatMacros.hxx">
      <Filter>Header Files</Filter>
    </ClInclude>
    <ClInclude Include="FatSTL_Macros.hxx">
      <Filter>Header Files</Filter>
    </ClInclude>
    <ClInclude Include="Win32_\FatWin32.hxx">
      <Filter>Header Files</Filter>
    </ClInclude>
    <ClInclude Include="FatWin32_Macros.hxx">
      <Filter>Header Files</Filter>
    </ClInclude>
  </ItemGroup>
  <ItemGroup>
    <FxCompile Include="Win32_\D3D11\Shader\PSFrameBuffer.hlsl" />
    <FxCompile Include="Win32_\D3D11\Shader\VSFrameBuffer.hlsl" />
  </ItemGroup>
</Project>